
Microsoft Visual Studio Solution File, Format Version 12.00
# Visual Studio Version 17
VisualStudioVersion = 17.14.36408.4 d17.14
MinimumVisualStudioVersion = 10.0.40219.1
Project("{FAE04EC0-301F-11D3-BF4B-00C04F79EFBC}") = "ClubSystem", "ClubSystem\ClubSystem.csproj", "{F51DF0AE-E083-4F3E-A7E5-D5F5C2734A5A}"
EndProject
Project("{FAE04EC0-301F-11D3-BF4B-00C04F79EFBC}") = "Service", "Service\Service.csproj", "{FC422591-45E3-4583-8CAE-490C0CC104EA}"
EndProject
Project("{FAE04EC0-301F-11D3-BF4B-00C04F79EFBC}") = "Repository", "Repository\Repository.csproj", "{17FD6CA3-AE30-451E-B1B5-2C72AC5807B7}"
EndProject
Project("{FAE04EC0-301F-11D3-BF4B-00C04F79EFBC}") = "DTO", "DTO\DTO.csproj", "{F248225B-F7B7-497D-A094-933A9C43459B}"
EndProject
Global
	GlobalSection(SolutionConfigurationPlatforms) = preSolution
		Debug|Any CPU = Debug|Any CPU
		Release|Any CPU = Release|Any CPU
	EndGlobalSection
	GlobalSection(ProjectConfigurationPlatforms) = postSolution
		{F51DF0AE-E083-4F3E-A7E5-D5F5C2734A5A}.Debug|Any CPU.ActiveCfg = Debug|Any CPU
		{F51DF0AE-E083-4F3E-A7E5-D5F5C2734A5A}.Debug|Any CPU.Build.0 = Debug|Any CPU
		{F51DF0AE-E083-4F3E-A7E5-D5F5C2734A5A}.Release|Any CPU.ActiveCfg = Release|Any CPU
		{F51DF0AE-E083-4F3E-A7E5-D5F5C2734A5A}.Release|Any CPU.Build.0 = Release|Any CPU
		{FC422591-45E3-4583-8CAE-490C0CC104EA}.Debug|Any CPU.ActiveCfg = Debug|Any CPU
		{FC422591-45E3-4583-8CAE-490C0CC104EA}.Debug|Any CPU.Build.0 = Debug|Any CPU
		{FC422591-45E3-4583-8CAE-490C0CC104EA}.Release|Any CPU.ActiveCfg = Release|Any CPU
		{FC422591-45E3-4583-8CAE-490C0CC104EA}.Release|Any CPU.Build.0 = Release|Any CPU
		{17FD6CA3-AE30-451E-B1B5-2C72AC5807B7}.Debug|Any CPU.ActiveCfg = Debug|Any CPU
		{17FD6CA3-AE30-451E-B1B5-2C72AC5807B7}.Debug|Any CPU.Build.0 = Debug|Any CPU
		{17FD6CA3-AE30-451E-B1B5-2C72AC5807B7}.Release|Any CPU.ActiveCfg = Release|Any CPU
		{17FD6CA3-AE30-451E-B1B5-2C72AC5807B7}.Release|Any CPU.Build.0 = Release|Any CPU
		{F248225B-F7B7-497D-A094-933A9C43459B}.Debug|Any CPU.ActiveCfg = Debug|Any CPU
		{F248225B-F7B7-497D-A094-933A9C43459B}.Debug|Any CPU.Build.0 = Debug|Any CPU
		{F248225B-F7B7-497D-A094-933A9C43459B}.Release|Any CPU.ActiveCfg = Release|Any CPU
		{F248225B-F7B7-497D-A094-933A9C43459B}.Release|Any CPU.Build.0 = Release|Any CPU
	EndGlobalSection
	GlobalSection(SolutionProperties) = preSolution
		HideSolutionNode = FALSE
	EndGlobalSection
	GlobalSection(ExtensibilityGlobals) = postSolution
		SolutionGuid = {5F6FFC96-36BA-45ED-97C4-4730487720AE}
	EndGlobalSection
EndGlobal
